
Microsoft Visual Studio Solution File, Format Version 12.00
# Visual Studio 15
VisualStudioVersion = 15.0.28010.2036
MinimumVisualStudioVersion = 10.0.40219.1
Project("{8BC9CEB8-8B4A-11D0-8D11-00A0C91BC942}") = "중간프로젝트_박예린", "중간프로젝트_박예린.vcxproj", "{C3F608D3-07BC-45FC-BAB9-4BB50FAE93EE}"
EndProject
Global
	GlobalSection(SolutionConfigurationPlatforms) = preSolution
		Debug|x64 = Debug|x64
		Debug|x86 = Debug|x86
		Release|x64 = Release|x64
		Release|x86 = Release|x86
	EndGlobalSection
	GlobalSection(ProjectConfigurationPlatforms) = postSolution
		{C3F608D3-07BC-45FC-BAB9-4BB50FAE93EE}.Debug|x64.ActiveCfg = Debug|x64
		{C3F608D3-07BC-45FC-BAB9-4BB50FAE93EE}.Debug|x64.Build.0 = Debug|x64
		{C3F608D3-07BC-45FC-BAB9-4BB50FAE93EE}.Debug|x86.ActiveCfg = Debug|Win32
		{C3F608D3-07BC-45FC-BAB9-4BB50FAE93EE}.Debug|x86.Build.0 = Debug|Win32
		{C3F608D3-07BC-45FC-BAB9-4BB50FAE93EE}.Release|x64.ActiveCfg = Release|x64
		{C3F608D3-07BC-45FC-BAB9-4BB50FAE93EE}.Release|x64.Build.0 = Release|x64
		{C3F608D3-07BC-45FC-BAB9-4BB50FAE93EE}.Release|x86.ActiveCfg = Release|Win32
		{C3F608D3-07BC-45FC-BAB9-4BB50FAE93EE}.Release|x86.Build.0 = Release|Win32
	EndGlobalSection
	GlobalSection(SolutionProperties) = preSolution
		HideSolutionNode = FALSE
	EndGlobalSection
	GlobalSection(ExtensibilityGlobals) = postSolution
		SolutionGuid = {6A98B0B1-4E39-4EDC-96FE-82DE443EA87A}
	EndGlobalSection
EndGlobal
